
Microsoft Visual Studio Solution File, Format Version 12.00
# Visual Studio Version 17
VisualStudioVersion = 17.9.34616.47
MinimumVisualStudioVersion = 10.0.40219.1
Project("{9A19103F-16F7-4668-BE54-9A1E7A4F7556}") = "PokemonGatherAPI", "PokemonGatherAPI.csproj", "{2484BD7F-2D5A-456F-95BC-C100CE982F56}"
EndProject
Project("{54A90642-561A-4BB1-A94E-469ADEE60C69}") = "WhoThatPokemonsMovesetUI", "..\WhosThatPokemonMovesetUI\WhoThatPokemonsMovesetUI.esproj", "{3641900B-B9D9-4FEC-B2DA-D0D6AD3C792E}"
EndProject
Global
	GlobalSection(SolutionConfigurationPlatforms) = preSolution
		Debug|Any CPU = Debug|Any CPU
		Release|Any CPU = Release|Any CPU
	EndGlobalSection
	GlobalSection(ProjectConfigurationPlatforms) = postSolution
		{2484BD7F-2D5A-456F-95BC-C100CE982F56}.Debug|Any CPU.ActiveCfg = Debug|Any CPU
		{2484BD7F-2D5A-456F-95BC-C100CE982F56}.Debug|Any CPU.Build.0 = Debug|Any CPU
		{2484BD7F-2D5A-456F-95BC-C100CE982F56}.Release|Any CPU.ActiveCfg = Release|Any CPU
		{2484BD7F-2D5A-456F-95BC-C100CE982F56}.Release|Any CPU.Build.0 = Release|Any CPU
		{3641900B-B9D9-4FEC-B2DA-D0D6AD3C792E}.Debug|Any CPU.ActiveCfg = Debug|Any CPU
		{3641900B-B9D9-4FEC-B2DA-D0D6AD3C792E}.Debug|Any CPU.Build.0 = Debug|Any CPU
		{3641900B-B9D9-4FEC-B2DA-D0D6AD3C792E}.Debug|Any CPU.Deploy.0 = Debug|Any CPU
		{3641900B-B9D9-4FEC-B2DA-D0D6AD3C792E}.Release|Any CPU.ActiveCfg = Release|Any CPU
		{3641900B-B9D9-4FEC-B2DA-D0D6AD3C792E}.Release|Any CPU.Build.0 = Release|Any CPU
		{3641900B-B9D9-4FEC-B2DA-D0D6AD3C792E}.Release|Any CPU.Deploy.0 = Release|Any CPU
	EndGlobalSection
	GlobalSection(SolutionProperties) = preSolution
		HideSolutionNode = FALSE
	EndGlobalSection
	GlobalSection(ExtensibilityGlobals) = postSolution
		SolutionGuid = {4CBFED57-6DBD-4FDD-BC0A-FF2307A09392}
	EndGlobalSection
EndGlobal
